
Microsoft Visual Studio Solution File, Format Version 12.00
# Visual Studio Version 16
VisualStudioVersion = 16.0.30114.105
MinimumVisualStudioVersion = 10.0.40219.1
Project("{FAE04EC0-301F-11D3-BF4B-00C04F79EFBC}") = "API", "API\API.csproj", "{0490BFC2-1AB6-44EE-B4BE-E08B19DFDB75}"
EndProject
Project("{FAE04EC0-301F-11D3-BF4B-00C04F79EFBC}") = "Application", "Application\Application.csproj", "{A789BB44-6931-4F1D-8C29-F1AF1F905A25}"
EndProject
Project("{FAE04EC0-301F-11D3-BF4B-00C04F79EFBC}") = "Domain", "Domain\Domain.csproj", "{ABF893A8-D88A-4442-BFF3-36C8CFF9A64F}"
EndProject
Project("{FAE04EC0-301F-11D3-BF4B-00C04F79EFBC}") = "Presistence", "Presistence\Presistence.csproj", "{B260CA9E-23D4-409D-BA0D-7C2586DA6DC2}"
EndProject
Global
	GlobalSection(SolutionConfigurationPlatforms) = preSolution
		Debug|Any CPU = Debug|Any CPU
		Release|Any CPU = Release|Any CPU
	EndGlobalSection
	GlobalSection(SolutionProperties) = preSolution
		HideSolutionNode = FALSE
	EndGlobalSection
	GlobalSection(ProjectConfigurationPlatforms) = postSolution
		{0490BFC2-1AB6-44EE-B4BE-E08B19DFDB75}.Debug|Any CPU.ActiveCfg = Debug|Any CPU
		{0490BFC2-1AB6-44EE-B4BE-E08B19DFDB75}.Debug|Any CPU.Build.0 = Debug|Any CPU
		{0490BFC2-1AB6-44EE-B4BE-E08B19DFDB75}.Release|Any CPU.ActiveCfg = Release|Any CPU
		{0490BFC2-1AB6-44EE-B4BE-E08B19DFDB75}.Release|Any CPU.Build.0 = Release|Any CPU
		{A789BB44-6931-4F1D-8C29-F1AF1F905A25}.Debug|Any CPU.ActiveCfg = Debug|Any CPU
		{A789BB44-6931-4F1D-8C29-F1AF1F905A25}.Debug|Any CPU.Build.0 = Debug|Any CPU
		{A789BB44-6931-4F1D-8C29-F1AF1F905A25}.Release|Any CPU.ActiveCfg = Release|Any CPU
		{A789BB44-6931-4F1D-8C29-F1AF1F905A25}.Release|Any CPU.Build.0 = Release|Any CPU
		{ABF893A8-D88A-4442-BFF3-36C8CFF9A64F}.Debug|Any CPU.ActiveCfg = Debug|Any CPU
		{ABF893A8-D88A-4442-BFF3-36C8CFF9A64F}.Debug|Any CPU.Build.0 = Debug|Any CPU
		{ABF893A8-D88A-4442-BFF3-36C8CFF9A64F}.Release|Any CPU.ActiveCfg = Release|Any CPU
		{ABF893A8-D88A-4442-BFF3-36C8CFF9A64F}.Release|Any CPU.Build.0 = Release|Any CPU
		{B260CA9E-23D4-409D-BA0D-7C2586DA6DC2}.Debug|Any CPU.ActiveCfg = Debug|Any CPU
		{B260CA9E-23D4-409D-BA0D-7C2586DA6DC2}.Debug|Any CPU.Build.0 = Debug|Any CPU
		{B260CA9E-23D4-409D-BA0D-7C2586DA6DC2}.Release|Any CPU.ActiveCfg = Release|Any CPU
		{B260CA9E-23D4-409D-BA0D-7C2586DA6DC2}.Release|Any CPU.Build.0 = Release|Any CPU
	EndGlobalSection
EndGlobal
